
Microsoft Visual Studio Solution File, Format Version 12.00
# Visual Studio Version 16
VisualStudioVersion = 16.0.33423.256
MinimumVisualStudioVersion = 10.0.40219.1
Project("{FAE04EC0-301F-11D3-BF4B-00C04F79EFBC}") = "Homework_number_36", "Homework_number_36\Homework_number_36.csproj", "{D849DF75-6A0D-44A9-897B-3DAD117FF7E7}"
EndProject
Global
	GlobalSection(SolutionConfigurationPlatforms) = preSolution
		Debug|Any CPU = Debug|Any CPU
		Release|Any CPU = Release|Any CPU
	EndGlobalSection
	GlobalSection(ProjectConfigurationPlatforms) = postSolution
		{D849DF75-6A0D-44A9-897B-3DAD117FF7E7}.Debug|Any CPU.ActiveCfg = Debug|Any CPU
		{D849DF75-6A0D-44A9-897B-3DAD117FF7E7}.Debug|Any CPU.Build.0 = Debug|Any CPU
		{D849DF75-6A0D-44A9-897B-3DAD117FF7E7}.Release|Any CPU.ActiveCfg = Release|Any CPU
		{D849DF75-6A0D-44A9-897B-3DAD117FF7E7}.Release|Any CPU.Build.0 = Release|Any CPU
	EndGlobalSection
	GlobalSection(SolutionProperties) = preSolution
		HideSolutionNode = FALSE
	EndGlobalSection
	GlobalSection(ExtensibilityGlobals) = postSolution
		SolutionGuid = {D8688D69-BEA1-48F3-8592-54535E59586A}
	EndGlobalSection
EndGlobal
